// !$*UTF8*$!
{
	archiveVersion = 1;
	classes = {
	};
	objectVersion = 56;
	objects = {

/* Begin PBXBuildFile section */
		5C13FA4B72F7E62A91F43852 /* Pods_YOMMA.framework in Frameworks */ = {isa = PBXBuildFile; fileRef = 7AC456C48C09B17FDE3AE56F /* Pods_YOMMA.framework */; };
		8FD93B3A2BE136FB00B4E483 /* AppDelegate.swift in Sources */ = {isa = PBXBuildFile; fileRef = 8FD93B392BE136FB00B4E483 /* AppDelegate.swift */; };
		8FD93B3C2BE136FB00B4E483 /* SceneDelegate.swift in Sources */ = {isa = PBXBuildFile; fileRef = 8FD93B3B2BE136FB00B4E483 /* SceneDelegate.swift */; };
		8FD93B3E2BE136FB00B4E483 /* ViewController.swift in Sources */ = {isa = PBXBuildFile; fileRef = 8FD93B3D2BE136FB00B4E483 /* ViewController.swift */; };
		8FD93B432BE136FE00B4E483 /* Assets.xcassets in Resources */ = {isa = PBXBuildFile; fileRef = 8FD93B422BE136FE00B4E483 /* Assets.xcassets */; };
		8FD93B4F2BE140B600B4E483 /* HomeView.swift in Sources */ = {isa = PBXBuildFile; fileRef = 8FD93B4E2BE140B600B4E483 /* HomeView.swift */; };
		8FD93B522BE1418D00B4E483 /* SplashView.swift in Sources */ = {isa = PBXBuildFile; fileRef = 8FD93B512BE1418D00B4E483 /* SplashView.swift */; };
/* End PBXBuildFile section */

/* Begin PBXFileReference section */
		6C0DE24CBEB868BC80BBBFE2 /* Pods-YOMMA.release.xcconfig */ = {isa = PBXFileReference; includeInIndex = 1; lastKnownFileType = text.xcconfig; name = "Pods-YOMMA.release.xcconfig"; path = "Target Support Files/Pods-YOMMA/Pods-YOMMA.release.xcconfig"; sourceTree = "<group>"; };
		7AC456C48C09B17FDE3AE56F /* Pods_YOMMA.framework */ = {isa = PBXFileReference; explicitFileType = wrapper.framework; includeInIndex = 0; path = Pods_YOMMA.framework; sourceTree = BUILT_PRODUCTS_DIR; };
		8FD93B362BE136FB00B4E483 /* YOMMA.app */ = {isa = PBXFileReference; explicitFileType = wrapper.application; includeInIndex = 0; path = YOMMA.app; sourceTree = BUILT_PRODUCTS_DIR; };
		8FD93B392BE136FB00B4E483 /* AppDelegate.swift */ = {isa = PBXFileReference; lastKnownFileType = sourcecode.swift; path = AppDelegate.swift; sourceTree = "<group>"; };
		8FD93B3B2BE136FB00B4E483 /* SceneDelegate.swift */ = {isa = PBXFileReference; lastKnownFileType = sourcecode.swift; path = SceneDelegate.swift; sourceTree = "<group>"; };
		8FD93B3D2BE136FB00B4E483 /* ViewController.swift */ = {isa = PBXFileReference; lastKnownFileType = sourcecode.swift; path = ViewController.swift; sourceTree = "<group>"; };
		8FD93B422BE136FE00B4E483 /* Assets.xcassets */ = {isa = PBXFileReference; lastKnownFileType = folder.assetcatalog; path = Assets.xcassets; sourceTree = "<group>"; };
		8FD93B472BE136FE00B4E483 /* Info.plist */ = {isa = PBXFileReference; lastKnownFileType = text.plist.xml; path = Info.plist; sourceTree = "<group>"; };
		8FD93B4E2BE140B600B4E483 /* HomeView.swift */ = {isa = PBXFileReference; lastKnownFileType = sourcecode.swift; path = HomeView.swift; sourceTree = "<group>"; };
		8FD93B512BE1418D00B4E483 /* SplashView.swift */ = {isa = PBXFileReference; lastKnownFileType = sourcecode.swift; path = SplashView.swift; sourceTree = "<group>"; };
		B6B740D7AF7289C1E125BBA4 /* Pods-YOMMA.debug.xcconfig */ = {isa = PBXFileReference; includeInIndex = 1; lastKnownFileType = text.xcconfig; name = "Pods-YOMMA.debug.xcconfig"; path = "Target Support Files/Pods-YOMMA/Pods-YOMMA.debug.xcconfig"; sourceTree = "<group>"; };
/* End PBXFileReference section */

/* Begin PBXFrameworksBuildPhase section */
		8FD93B332BE136FB00B4E483 /* Frameworks */ = {
			isa = PBXFrameworksBuildPhase;
			buildActionMask = 2147483647;
			files = (
				5C13FA4B72F7E62A91F43852 /* Pods_YOMMA.framework in Frameworks */,
			);
			runOnlyForDeploymentPostprocessing = 0;
		};
/* End PBXFrameworksBuildPhase section */

/* Begin PBXGroup section */
		5796434B92C9B164BF9F4524 /* Frameworks */ = {
			isa = PBXGroup;
			children = (
				7AC456C48C09B17FDE3AE56F /* Pods_YOMMA.framework */,
			);
			name = Frameworks;
			sourceTree = "<group>";
		};
		8FD93B2D2BE136FB00B4E483 = {
			isa = PBXGroup;
			children = (
				8FD93B382BE136FB00B4E483 /* YOMMA */,
				8FD93B372BE136FB00B4E483 /* Products */,
				B50B20AD65DA51B25718FDFC /* Pods */,
				5796434B92C9B164BF9F4524 /* Frameworks */,
			);
			sourceTree = "<group>";
		};
		8FD93B372BE136FB00B4E483 /* Products */ = {
			isa = PBXGroup;
			children = (
				8FD93B362BE136FB00B4E483 /* YOMMA.app */,
			);
			name = Products;
			sourceTree = "<group>";
		};
		8FD93B382BE136FB00B4E483 /* YOMMA */ = {
			isa = PBXGroup;
			children = (
				8FD93B532BE1428500B4E483 /* Common */,
				8FD93B502BE1418300B4E483 /* Splash */,
				8FD93B4D2BE140A200B4E483 /* Home */,
				8FD93B392BE136FB00B4E483 /* AppDelegate.swift */,
				8FD93B3B2BE136FB00B4E483 /* SceneDelegate.swift */,
				8FD93B3D2BE136FB00B4E483 /* ViewController.swift */,
				8FD93B422BE136FE00B4E483 /* Assets.xcassets */,
				8FD93B472BE136FE00B4E483 /* Info.plist */,
			);
			path = YOMMA;
			sourceTree = "<group>";
		};
		8FD93B4D2BE140A200B4E483 /* Home */ = {
			isa = PBXGroup;
			children = (
				8FD93B4E2BE140B600B4E483 /* HomeView.swift */,
			);
			path = Home;
			sourceTree = "<group>";
		};
		8FD93B502BE1418300B4E483 /* Splash */ = {
			isa = PBXGroup;
			children = (
				8FD93B512BE1418D00B4E483 /* SplashView.swift */,
			);
			path = Splash;
			sourceTree = "<group>";
		};
		8FD93B532BE1428500B4E483 /* Common */ = {
			isa = PBXGroup;
			children = (
			);
			path = Common;
			sourceTree = "<group>";
		};
		B50B20AD65DA51B25718FDFC /* Pods */ = {
			isa = PBXGroup;
			children = (
				B6B740D7AF7289C1E125BBA4 /* Pods-YOMMA.debug.xcconfig */,
				6C0DE24CBEB868BC80BBBFE2 /* Pods-YOMMA.release.xcconfig */,
			);
			path = Pods;
			sourceTree = "<group>";
		};
/* End PBXGroup section */

/* Begin PBXNativeTarget section */
		8FD93B352BE136FB00B4E483 /* YOMMA */ = {
			isa = PBXNativeTarget;
			buildConfigurationList = 8FD93B4A2BE136FE00B4E483 /* Build configuration list for PBXNativeTarget "YOMMA" */;
			buildPhases = (
				E6BE3354A812AEF61EBCF188 /* [CP] Check Pods Manifest.lock */,
				8FD93B322BE136FB00B4E483 /* Sources */,
				8FD93B332BE136FB00B4E483 /* Frameworks */,
				8FD93B342BE136FB00B4E483 /* Resources */,
				C8E617210267C543B26D85C8 /* [CP] Embed Pods Frameworks */,
			);
			buildRules = (
			);
			dependencies = (
			);
			name = YOMMA;
			productName = YOMMA;
			productReference = 8FD93B362BE136FB00B4E483 /* YOMMA.app */;
			productType = "com.apple.product-type.application";
		};
/* End PBXNativeTarget section */

/* Begin PBXProject section */
		8FD93B2E2BE136FB00B4E483 /* Project object */ = {
			isa = PBXProject;
			attributes = {
				BuildIndependentTargetsInParallel = 1;
				LastSwiftUpdateCheck = 1520;
				LastUpgradeCheck = 1520;
				TargetAttributes = {
					8FD93B352BE136FB00B4E483 = {
						CreatedOnToolsVersion = 15.2;
					};
				};
			};
			buildConfigurationList = 8FD93B312BE136FB00B4E483 /* Build configuration list for PBXProject "YOMMA" */;
			compatibilityVersion = "Xcode 14.0";
			developmentRegion = en;
			hasScannedForEncodings = 0;
			knownRegions = (
				en,
				Base,
			);
			mainGroup = 8FD93B2D2BE136FB00B4E483;
			productRefGroup = 8FD93B372BE136FB00B4E483 /* Products */;
			projectDirPath = "";
			projectRoot = "";
			targets = (
				8FD93B352BE136FB00B4E483 /* YOMMA */,
			);
		};
/* End PBXProject section */

/* Begin PBXResourcesBuildPhase section */
		8FD93B342BE136FB00B4E483 /* Resources */ = {
			isa = PBXResourcesBuildPhase;
			buildActionMask = 2147483647;
			files = (
				8FD93B432BE136FE00B4E483 /* Assets.xcassets in Resources */,
			);
			runOnlyForDeploymentPostprocessing = 0;
		};
/* End PBXResourcesBuildPhase section */

/* Begin PBXShellScriptBuildPhase section */
		C8E617210267C543B26D85C8 /* [CP] Embed Pods Frameworks */ = {
			isa = PBXShellScriptBuildPhase;
			buildActionMask = 2147483647;
			files = (
			);
			inputFileListPaths = (
				"${PODS_ROOT}/Target Support Files/Pods-YOMMA/Pods-YOMMA-frameworks-${CONFIGURATION}-input-files.xcfilelist",
			);
			name = "[CP] Embed Pods Frameworks";
			outputFileListPaths = (
				"${PODS_ROOT}/Target Support Files/Pods-YOMMA/Pods-YOMMA-frameworks-${CONFIGURATION}-output-files.xcfilelist",
			);
			runOnlyForDeploymentPostprocessing = 0;
			shellPath = /bin/sh;
			shellScript = "\"${PODS_ROOT}/Target Support Files/Pods-YOMMA/Pods-YOMMA-frameworks.sh\"\n";
			showEnvVarsInLog = 0;
		};
		E6BE3354A812AEF61EBCF188 /* [CP] Check Pods Manifest.lock */ = {
			isa = PBXShellScriptBuildPhase;
			buildActionMask = 2147483647;
			files = (
			);
			inputFileListPaths = (
			);
			inputPaths = (
				"${PODS_PODFILE_DIR_PATH}/Podfile.lock",
				"${PODS_ROOT}/Manifest.lock",
			);
			name = "[CP] Check Pods Manifest.lock";
			outputFileListPaths = (
			);
			outputPaths = (
				"$(DERIVED_FILE_DIR)/Pods-YOMMA-checkManifestLockResult.txt",
			);
			runOnlyForDeploymentPostprocessing = 0;
			shellPath = /bin/sh;
			shellScript = "diff \"${PODS_PODFILE_DIR_PATH}/Podfile.lock\" \"${PODS_ROOT}/Manifest.lock\" > /dev/null\nif [ $? != 0 ] ; then\n    # print error to STDERR\n    echo \"error: The sandbox is not in sync with the Podfile.lock. Run 'pod install' or update your CocoaPods installation.\" >&2\n    exit 1\nfi\n# This output is used by Xcode 'outputs' to avoid re-running this script phase.\necho \"SUCCESS\" > \"${SCRIPT_OUTPUT_FILE_0}\"\n";
			showEnvVarsInLog = 0;
		};
/* End PBXShellScriptBuildPhase section */

/* Begin PBXSourcesBuildPhase section */
		8FD93B322BE136FB00B4E483 /* Sources */ = {
			isa = PBXSourcesBuildPhase;
			buildActionMask = 2147483647;
			files = (
				8FD93B3E2BE136FB00B4E483 /* ViewController.swift in Sources */,
				8FD93B4F2BE140B600B4E483 /* HomeView.swift in Sources */,
				8FD93B522BE1418D00B4E483 /* SplashView.swift in Sources */,
				8FD93B3A2BE136FB00B4E483 /* AppDelegate.swift in Sources */,
				8FD93B3C2BE136FB00B4E483 /* SceneDelegate.swift in Sources */,
			);
			runOnlyForDeploymentPostprocessing = 0;
		};
/* End PBXSourcesBuildPhase section */

/* Begin XCBuildConfiguration section */
		8FD93B482BE136FE00B4E483 /* Debug */ = {
			isa = XCBuildConfiguration;
			buildSettings = {
				ALWAYS_SEARCH_USER_PATHS = NO;
				ASSETCATALOG_COMPILER_GENERATE_SWIFT_ASSET_SYMBOL_EXTENSIONS = YES;
				CLANG_ANALYZER_NONNULL = YES;
				CLANG_ANALYZER_NUMBER_OBJECT_CONVERSION = YES_AGGRESSIVE;
				CLANG_CXX_LANGUAGE_STANDARD = "gnu++20";
				CLANG_ENABLE_MODULES = YES;
				CLANG_ENABLE_OBJC_ARC = YES;
				CLANG_ENABLE_OBJC_WEAK = YES;
				CLANG_WARN_BLOCK_CAPTURE_AUTORELEASING = YES;
				CLANG_WARN_BOOL_CONVERSION = YES;
				CLANG_WARN_COMMA = YES;
				CLANG_WARN_CONSTANT_CONVERSION = YES;
				CLANG_WARN_DEPRECATED_OBJC_IMPLEMENTATIONS = YES;
				CLANG_WARN_DIRECT_OBJC_ISA_USAGE = YES_ERROR;
				CLANG_WARN_DOCUMENTATION_COMMENTS = YES;
				CLANG_WARN_EMPTY_BODY = YES;
				CLANG_WARN_ENUM_CONVERSION = YES;
				CLANG_WARN_INFINITE_RECURSION = YES;
				CLANG_WARN_INT_CONVERSION = YES;
				CLANG_WARN_NON_LITERAL_NULL_CONVERSION = YES;
				CLANG_WARN_OBJC_IMPLICIT_RETAIN_SELF = YES;
				CLANG_WARN_OBJC_LITERAL_CONVERSION = YES;
				CLANG_WARN_OBJC_ROOT_CLASS = YES_ERROR;
				CLANG_WARN_QUOTED_INCLUDE_IN_FRAMEWORK_HEADER = YES;
				CLANG_WARN_RANGE_LOOP_ANALYSIS = YES;
				CLANG_WARN_STRICT_PROTOTYPES = YES;
				CLANG_WARN_SUSPICIOUS_MOVE = YES;
				CLANG_WARN_UNGUARDED_AVAILABILITY = YES_AGGRESSIVE;
				CLANG_WARN_UNREACHABLE_CODE = YES;
				CLANG_WARN__DUPLICATE_METHOD_MATCH = YES;
				COPY_PHASE_STRIP = NO;
				DEBUG_INFORMATION_FORMAT = dwarf;
				ENABLE_STRICT_OBJC_MSGSEND = YES;
				ENABLE_TESTABILITY = YES;
				ENABLE_USER_SCRIPT_SANDBOXING = YES;
				GCC_C_LANGUAGE_STANDARD = gnu17;
				GCC_DYNAMIC_NO_PIC = NO;
				GCC_NO_COMMON_BLOCKS = YES;
				GCC_OPTIMIZATION_LEVEL = 0;
				GCC_PREPROCESSOR_DEFINITIONS = (
					"DEBUG=1",
					"$(inherited)",
				);
				GCC_WARN_64_TO_32_BIT_CONVERSION = YES;
				GCC_WARN_ABOUT_RETURN_TYPE = YES_ERROR;
				GCC_WARN_UNDECLARED_SELECTOR = YES;
				GCC_WARN_UNINITIALIZED_AUTOS = YES_AGGRESSIVE;
				GCC_WARN_UNUSED_FUNCTION = YES;
				GCC_WARN_UNUSED_VARIABLE = YES;
				IPHONEOS_DEPLOYMENT_TARGET = 13.0;
				LOCALIZATION_PREFERS_STRING_CATALOGS = YES;
				MTL_ENABLE_DEBUG_INFO = INCLUDE_SOURCE;
				MTL_FAST_MATH = YES;
				ONLY_ACTIVE_ARCH = YES;
				SDKROOT = iphoneos;
				SWIFT_ACTIVE_COMPILATION_CONDITIONS = "DEBUG $(inherited)";
				SWIFT_OPTIMIZATION_LEVEL = "-Onone";
			};
			name = Debug;
		};
		8FD93B492BE136FE00B4E483 /* Release */ = {
			isa = XCBuildConfiguration;
			buildSettings = {
				ALWAYS_SEARCH_USER_PATHS = NO;
				ASSETCATALOG_COMPILER_GENERATE_SWIFT_ASSET_SYMBOL_EXTENSIONS = YES;
				CLANG_ANALYZER_NONNULL = YES;
				CLANG_ANALYZER_NUMBER_OBJECT_CONVERSION = YES_AGGRESSIVE;
				CLANG_CXX_LANGUAGE_STANDARD = "gnu++20";
				CLANG_ENABLE_MODULES = YES;
				CLANG_ENABLE_OBJC_ARC = YES;
				CLANG_ENABLE_OBJC_WEAK = YES;
				CLANG_WARN_BLOCK_CAPTURE_AUTORELEASING = YES;
				CLANG_WARN_BOOL_CONVERSION = YES;
				CLANG_WARN_COMMA = YES;
				CLANG_WARN_CONSTANT_CONVERSION = YES;
				CLANG_WARN_DEPRECATED_OBJC_IMPLEMENTATIONS = YES;
				CLANG_WARN_DIRECT_OBJC_ISA_USAGE = YES_ERROR;
				CLANG_WARN_DOCUMENTATION_COMMENTS = YES;
				CLANG_WARN_EMPTY_BODY = YES;
				CLANG_WARN_ENUM_CONVERSION = YES;
				CLANG_WARN_INFINITE_RECURSION = YES;
				CLANG_WARN_INT_CONVERSION = YES;
				CLANG_WARN_NON_LITERAL_NULL_CONVERSION = YES;
				CLANG_WARN_OBJC_IMPLICIT_RETAIN_SELF = YES;
				CLANG_WARN_OBJC_LITERAL_CONVERSION = YES;
				CLANG_WARN_OBJC_ROOT_CLASS = YES_ERROR;
				CLANG_WARN_QUOTED_INCLUDE_IN_FRAMEWORK_HEADER = YES;
				CLANG_WARN_RANGE_LOOP_ANALYSIS = YES;
				CLANG_WARN_STRICT_PROTOTYPES = YES;
				CLANG_WARN_SUSPICIOUS_MOVE = YES;
				CLANG_WARN_UNGUARDED_AVAILABILITY = YES_AGGRESSIVE;
				CLANG_WARN_UNREACHABLE_CODE = YES;
				CLANG_WARN__DUPLICATE_METHOD_MATCH = YES;
				COPY_PHASE_STRIP = NO;
				DEBUG_INFORMATION_FORMAT = "dwarf-with-dsym";
				ENABLE_NS_ASSERTIONS = NO;
				ENABLE_STRICT_OBJC_MSGSEND = YES;
				ENABLE_USER_SCRIPT_SANDBOXING = YES;
				GCC_C_LANGUAGE_STANDARD = gnu17;
				GCC_NO_COMMON_BLOCKS = YES;
				GCC_WARN_64_TO_32_BIT_CONVERSION = YES;
				GCC_WARN_ABOUT_RETURN_TYPE = YES_ERROR;
				GCC_WARN_UNDECLARED_SELECTOR = YES;
				GCC_WARN_UNINITIALIZED_AUTOS = YES_AGGRESSIVE;
				GCC_WARN_UNUSED_FUNCTION = YES;
				GCC_WARN_UNUSED_VARIABLE = YES;
				IPHONEOS_DEPLOYMENT_TARGET = 13.0;
				LOCALIZATION_PREFERS_STRING_CATALOGS = YES;
				MTL_ENABLE_DEBUG_INFO = NO;
				MTL_FAST_MATH = YES;
				SDKROOT = iphoneos;
				SWIFT_COMPILATION_MODE = wholemodule;
				VALIDATE_PRODUCT = YES;
			};
			name = Release;
		};
		8FD93B4B2BE136FE00B4E483 /* Debug */ = {
			isa = XCBuildConfiguration;
			baseConfigurationReference = B6B740D7AF7289C1E125BBA4 /* Pods-YOMMA.debug.xcconfig */;
			buildSettings = {
				ASSETCATALOG_COMPILER_APPICON_NAME = AppIcon;
				ASSETCATALOG_COMPILER_GLOBAL_ACCENT_COLOR_NAME = AccentColor;
				CODE_SIGN_STYLE = Automatic;
				CURRENT_PROJECT_VERSION = 1;
				DEVELOPMENT_TEAM = QTH4H7YB67;
				ENABLE_USER_SCRIPT_SANDBOXING = NO;
				GENERATE_INFOPLIST_FILE = YES;
				INFOPLIST_FILE = YOMMA/Info.plist;
				INFOPLIST_KEY_CFBundleDisplayName = HaYOMM;
				INFOPLIST_KEY_LSApplicationCategoryType = "public.app-category.food-and-drink";
				INFOPLIST_KEY_UIApplicationSupportsIndirectInputEvents = YES;
				INFOPLIST_KEY_UILaunchStoryboardName = LaunchScreen;
				INFOPLIST_KEY_UISupportedInterfaceOrientations = UIInterfaceOrientationPortrait;
				INFOPLIST_KEY_UISupportedInterfaceOrientations_iPad = "UIInterfaceOrientationLandscapeLeft UIInterfaceOrientationLandscapeRight UIInterfaceOrientationPortrait UIInterfaceOrientationPortraitUpsideDown";
				IPHONEOS_DEPLOYMENT_TARGET = 13.0;
				LD_RUNPATH_SEARCH_PATHS = (
					"$(inherited)",
					"@executable_path/Frameworks",
				);
				MARKETING_VERSION = 1.0;
				PRODUCT_BUNDLE_IDENTIFIER = cpjeon.YOMMA;
				PRODUCT_NAME = "$(TARGET_NAME)";
				SUPPORTED_PLATFORMS = "iphoneos iphonesimulator";
				SUPPORTS_MACCATALYST = NO;
				SUPPORTS_MAC_DESIGNED_FOR_IPHONE_IPAD = NO;
				SUPPORTS_XR_DESIGNED_FOR_IPHONE_IPAD = NO;
				SWIFT_EMIT_LOC_STRINGS = YES;
				SWIFT_VERSION = 5.0;
				TARGETED_DEVICE_FAMILY = 1;
			};
			name = Debug;
		};
		8FD93B4C2BE136FE00B4E483 /* Release */ = {
			isa = XCBuildConfiguration;
			baseConfigurationReference = 6C0DE24CBEB868BC80BBBFE2 /* Pods-YOMMA.release.xcconfig */;
			buildSettings = {
				ASSETCATALOG_COMPILER_APPICON_NAME = AppIcon;
				ASSETCATALOG_COMPILER_GLOBAL_ACCENT_COLOR_NAME = AccentColor;
				CODE_SIGN_STYLE = Automatic;
				CURRENT_PROJECT_VERSION = 1;
				DEVELOPMENT_TEAM = QTH4H7YB67;
				ENABLE_USER_SCRIPT_SANDBOXING = NO;
				GENERATE_INFOPLIST_FILE = YES;
				INFOPLIST_FILE = YOMMA/Info.plist;
				INFOPLIST_KEY_CFBundleDisplayName = HaYOMM;
				INFOPLIST_KEY_LSApplicationCategoryType = "public.app-category.food-and-drink";
				INFOPLIST_KEY_UIApplicationSupportsIndirectInputEvents = YES;
				INFOPLIST_KEY_UILaunchStoryboardName = LaunchScreen;
				INFOPLIST_KEY_UISupportedInterfaceOrientations = UIInterfaceOrientationPortrait;
				INFOPLIST_KEY_UISupportedInterfaceOrientations_iPad = "UIInterfaceOrientationLandscapeLeft UIInterfaceOrientationLandscapeRight UIInterfaceOrientationPortrait UIInterfaceOrientationPortraitUpsideDown";
				IPHONEOS_DEPLOYMENT_TARGET = 13.0;
				LD_RUNPATH_SEARCH_PATHS = (
					"$(inherited)",
					"@executable_path/Frameworks",
				);
				MARKETING_VERSION = 1.0;
				PRODUCT_BUNDLE_IDENTIFIER = cpjeon.YOMMA;
				PRODUCT_NAME = "$(TARGET_NAME)";
				SUPPORTED_PLATFORMS = "iphoneos iphonesimulator";
				SUPPORTS_MACCATALYST = NO;
				SUPPORTS_MAC_DESIGNED_FOR_IPHONE_IPAD = NO;
				SUPPORTS_XR_DESIGNED_FOR_IPHONE_IPAD = NO;
				SWIFT_EMIT_LOC_STRINGS = YES;
				SWIFT_VERSION = 5.0;
				TARGETED_DEVICE_FAMILY = 1;
			};
			name = Release;
		};
/* End XCBuildConfiguration section */

/* Begin XCConfigurationList section */
		8FD93B312BE136FB00B4E483 /* Build configuration list for PBXProject "YOMMA" */ = {
			isa = XCConfigurationList;
			buildConfigurations = (
				8FD93B482BE136FE00B4E483 /* Debug */,
				8FD93B492BE136FE00B4E483 /* Release */,
			);
			defaultConfigurationIsVisible = 0;
			defaultConfigurationName = Release;
		};
		8FD93B4A2BE136FE00B4E483 /* Build configuration list for PBXNativeTarget "YOMMA" */ = {
			isa = XCConfigurationList;
			buildConfigurations = (
				8FD93B4B2BE136FE00B4E483 /* Debug */,
				8FD93B4C2BE136FE00B4E483 /* Release */,
			);
			defaultConfigurationIsVisible = 0;
			defaultConfigurationName = Release;
		};
/* End XCConfigurationList section */
	};
	rootObject = 8FD93B2E2BE136FB00B4E483 /* Project object */;
}
